
Microsoft Visual Studio Solution File, Format Version 12.00
# Visual Studio Version 17
VisualStudioVersion = 17.0.31903.59
MinimumVisualStudioVersion = 10.0.40219.1
Project("{FAE04EC0-301F-11D3-BF4B-00C04F79EFBC}") = "Project.Service", "Project.Service\Project.Service.csproj", "{57D0C8A1-41BB-49C5-943E-30C44AE0ACD6}"
EndProject
Project("{FAE04EC0-301F-11D3-BF4B-00C04F79EFBC}") = "Project.MVC", "Project.MVC\Project.MVC.csproj", "{FED6C2D1-0A8E-4CF9-95E9-C610E2ADAD03}"
EndProject
Project("{FAE04EC0-301F-11D3-BF4B-00C04F79EFBC}") = "Project.Tests", "Project.Tests\Project.Tests.csproj", "{BD26A897-B1B3-4617-A827-C1F1C060B905}"
EndProject
Global
	GlobalSection(SolutionConfigurationPlatforms) = preSolution
		Debug|Any CPU = Debug|Any CPU
		Release|Any CPU = Release|Any CPU
	EndGlobalSection
	GlobalSection(SolutionProperties) = preSolution
		HideSolutionNode = FALSE
	EndGlobalSection
	GlobalSection(ProjectConfigurationPlatforms) = postSolution
		{57D0C8A1-41BB-49C5-943E-30C44AE0ACD6}.Debug|Any CPU.ActiveCfg = Debug|Any CPU
		{57D0C8A1-41BB-49C5-943E-30C44AE0ACD6}.Debug|Any CPU.Build.0 = Debug|Any CPU
		{57D0C8A1-41BB-49C5-943E-30C44AE0ACD6}.Release|Any CPU.ActiveCfg = Release|Any CPU
		{57D0C8A1-41BB-49C5-943E-30C44AE0ACD6}.Release|Any CPU.Build.0 = Release|Any CPU
		{FED6C2D1-0A8E-4CF9-95E9-C610E2ADAD03}.Debug|Any CPU.ActiveCfg = Debug|Any CPU
		{FED6C2D1-0A8E-4CF9-95E9-C610E2ADAD03}.Debug|Any CPU.Build.0 = Debug|Any CPU
		{FED6C2D1-0A8E-4CF9-95E9-C610E2ADAD03}.Release|Any CPU.ActiveCfg = Release|Any CPU
		{FED6C2D1-0A8E-4CF9-95E9-C610E2ADAD03}.Release|Any CPU.Build.0 = Release|Any CPU
		{BD26A897-B1B3-4617-A827-C1F1C060B905}.Debug|Any CPU.ActiveCfg = Debug|Any CPU
		{BD26A897-B1B3-4617-A827-C1F1C060B905}.Debug|Any CPU.Build.0 = Debug|Any CPU
		{BD26A897-B1B3-4617-A827-C1F1C060B905}.Release|Any CPU.ActiveCfg = Release|Any CPU
		{BD26A897-B1B3-4617-A827-C1F1C060B905}.Release|Any CPU.Build.0 = Release|Any CPU
	EndGlobalSection
EndGlobal
